{
  "name": "node-red-contrib-mongodb3",
  "version": "2.0.0",
  "lockfileVersion": 1,
  "requires": true,
  "dependencies": {
    "argparse": {
      "version": "1.0.10",
      "resolved": "https://registry.npmjs.org/argparse/-/argparse-1.0.10.tgz",
      "integrity": "sha512-o5Roy6tNG4SL/FOkCAN6RzjiakZS25RLYFrcMttJqbdd8BWrnA+fGz57iN5Pb06pvBGvl5gQ0B48dJlslXvoTg==",
      "requires": {
        "sprintf-js": "~1.0.2"
      }
    },
    "bson": {
      "version": "1.0.4",
      "resolved": "https://registry.npmjs.org/bson/-/bson-1.0.4.tgz",
      "integrity": "sha1-k8ENOeqltYQVy8QFLz5T5WKwtyw="
    },
    "cfenv": {
      "version": "1.0.4",
      "resolved": "https://registry.npmjs.org/cfenv/-/cfenv-1.0.4.tgz",
      "integrity": "sha1-uXoe694lXs7YNnoPSvvC+FQ44LQ=",
      "requires": {
        "js-yaml": "3.7.x",
        "ports": "1.1.x",
        "underscore": "1.8.x"
      }
    },
    "esprima": {
      "version": "2.7.3",
      "resolved": "https://registry.npmjs.org/esprima/-/esprima-2.7.3.tgz",
      "integrity": "sha1-luO3DVd59q1JzQMmc9HDEnZ7pYE="
    },
    "js-yaml": {
      "version": "3.7.0",
      "resolved": "https://registry.npmjs.org/js-yaml/-/js-yaml-3.7.0.tgz",
      "integrity": "sha1-XJZ93YN6m/3KXy3oQlOr6KHAO4A=",
      "requires": {
        "argparse": "^1.0.7",
        "esprima": "^2.6.0"
      }
    },
    "mongodb": {
      "version": "3.0.3",
      "resolved": "https://registry.npmjs.org/mongodb/-/mongodb-3.0.3.tgz",
      "integrity": "sha512-BuYbPwjrIS/Ik/AUegjnYb8ncOa4dj8tzP4eSCsaqjP9yjmIWzzKrAXBY+s8xy6xkTJxgvbuTFub6cIwpmHRXQ==",
      "requires": {
        "mongodb-core": "3.0.3"
      }
    },
    "mongodb-core": {
      "version": "3.0.3",
      "resolved": "https://registry.npmjs.org/mongodb-core/-/mongodb-core-3.0.3.tgz",
      "integrity": "sha512-AkEiYeq4PZrgoKPZ32q2nL2xFe9iswOgefMipS2YHJHX8DCFAXmYr1aFxefAWisinxI/nd57nBMSe4mrm3yV1g==",
      "requires": {
        "bson": "~1.0.4",
        "require_optional": "^1.0.1"
      }
    },
    "ports": {
      "version": "1.1.0",
      "resolved": "https://registry.npmjs.org/ports/-/ports-1.1.0.tgz",
      "integrity": "sha1-twGqKF6V2ujJbNonUhdySh9/bGA="
    },
    "require_optional": {
      "version": "1.0.1",
      "resolved": "https://registry.npmjs.org/require_optional/-/require_optional-1.0.1.tgz",
      "integrity": "sha512-qhM/y57enGWHAe3v/NcwML6a3/vfESLe/sGM2dII+gEO0BpKRUkWZow/tyloNqJyN6kXSl3RyyM8Ll5D/sJP8g==",
      "requires": {
        "resolve-from": "^2.0.0",
        "semver": "^5.1.0"
      }
    },
    "resolve-from": {
      "version": "2.0.0",
      "resolved": "https://registry.npmjs.org/resolve-from/-/resolve-from-2.0.0.tgz",
      "integrity": "sha1-lICrIOlP+h2egKgEx+oUdhGWa1c="
    },
    "semver": {
      "version": "5.5.0",
      "resolved": "https://registry.npmjs.org/semver/-/semver-5.5.0.tgz",
      "integrity": "sha512-4SJ3dm0WAwWy/NVeioZh5AntkdJoWKxHxcmyP622fOkgHa4z3R0TdBJICINyaSDE6uNwVc8gZr+ZinwZAH4xIA=="
    },
    "sprintf-js": {
      "version": "1.0.3",
      "resolved": "https://registry.npmjs.org/sprintf-js/-/sprintf-js-1.0.3.tgz",
      "integrity": "sha1-BOaSb2YolTVPPdAVIDYzuFcpfiw="
    },
    "underscore": {
      "version": "1.8.3",
      "resolved": "https://registry.npmjs.org/underscore/-/underscore-1.8.3.tgz",
      "integrity": "sha1-Tz+1OxBuYJf8+ctBCfKl6b36UCI="
    }
  }
}
